
Microsoft Visual Studio Solution File, Format Version 12.00
# Visual Studio Version 17
VisualStudioVersion = 17.11.35327.3
MinimumVisualStudioVersion = 10.0.40219.1
Project("{FAE04EC0-301F-11D3-BF4B-00C04F79EFBC}") = "Mandalorian", "Mandalorian\Mandalorian.csproj", "{AA061BA0-077C-4AAA-9D3E-71AE772C93EE}"
EndProject
Global
	GlobalSection(SolutionConfigurationPlatforms) = preSolution
		Debug|Any CPU = Debug|Any CPU
		Release|Any CPU = Release|Any CPU
	EndGlobalSection
	GlobalSection(ProjectConfigurationPlatforms) = postSolution
		{AA061BA0-077C-4AAA-9D3E-71AE772C93EE}.Debug|Any CPU.ActiveCfg = Debug|Any CPU
		{AA061BA0-077C-4AAA-9D3E-71AE772C93EE}.Debug|Any CPU.Build.0 = Debug|Any CPU
		{AA061BA0-077C-4AAA-9D3E-71AE772C93EE}.Release|Any CPU.ActiveCfg = Release|Any CPU
		{AA061BA0-077C-4AAA-9D3E-71AE772C93EE}.Release|Any CPU.Build.0 = Release|Any CPU
	EndGlobalSection
	GlobalSection(SolutionProperties) = preSolution
		HideSolutionNode = FALSE
	EndGlobalSection
	GlobalSection(ExtensibilityGlobals) = postSolution
		SolutionGuid = {60CE3BE5-E8C9-48EB-8660-5500B9EF9120}
	EndGlobalSection
EndGlobal
